{
  "nodes": {
    "nixpkgs": {
      "locked": {
        "lastModified": 1637209424,
        "narHash": "sha256-oXw75hkCOVtoB+CEElWiTmkC1gNdL3jf0tG2GInytHA=",
        "owner": "NixOS",
        "repo": "nixpkgs",
        "rev": "42d32516400c1d821d275a5460900bbaef3d3bf1",
        "type": "github"
      },
      "original": {
        "owner": "NixOS",
        "ref": "nixos-unstable-small",
        "repo": "nixpkgs",
        "type": "github"
      }
    },
    "root": {
      "inputs": {
        "nixpkgs": "nixpkgs"
      }
    }
  },
  "root": "root",
  "version": 7
}
